// !$*UTF8*$!
{
	archiveVersion = 1;
	classes = {
	};
	objectVersion = 50;
	objects = {

/* Begin PBXBuildFile section */
		005964B6885F4BA30B179A15 /* libPods-DKProject.a in Frameworks */ = {isa = PBXBuildFile; fileRef = C25702FFD496F0295E4E811B /* libPods-DKProject.a */; };
		1B89A972212F1C2B00503858 /* DKUserManager.m in Sources */ = {isa = PBXBuildFile; fileRef = 1B89A971212F1C2B00503858 /* DKUserManager.m */; };
		1B89A975212F1D2800503858 /* DKUserModel.m in Sources */ = {isa = PBXBuildFile; fileRef = 1B89A974212F1D2800503858 /* DKUserModel.m */; };
		1B89A978212F208300503858 /* LoginViewController.m in Sources */ = {isa = PBXBuildFile; fileRef = 1B89A977212F208300503858 /* LoginViewController.m */; };
		1B89A97B212F20DF00503858 /* DKLoginRequest.m in Sources */ = {isa = PBXBuildFile; fileRef = 1B89A97A212F20DF00503858 /* DKLoginRequest.m */; };
		1B89A97D212F23D900503858 /* Login.xcassets in Resources */ = {isa = PBXBuildFile; fileRef = 1B89A97C212F23D900503858 /* Login.xcassets */; };
		1B89A97F212F23EA00503858 /* Login.storyboard in Resources */ = {isa = PBXBuildFile; fileRef = 1B89A97E212F23EA00503858 /* Login.storyboard */; };
		1B89A982212F257000503858 /* DKHomeInfoModel.m in Sources */ = {isa = PBXBuildFile; fileRef = 1B89A981212F257000503858 /* DKHomeInfoModel.m */; };
		1B89A987212F25A500503858 /* Home.xcassets in Resources */ = {isa = PBXBuildFile; fileRef = 1B89A986212F25A500503858 /* Home.xcassets */; };
		1B89A989212F25B200503858 /* Home.storyboard in Resources */ = {isa = PBXBuildFile; fileRef = 1B89A988212F25B200503858 /* Home.storyboard */; };
		1B89A98C212F25CC00503858 /* HomeViewController.m in Sources */ = {isa = PBXBuildFile; fileRef = 1B89A98B212F25CC00503858 /* HomeViewController.m */; };
		1B89A98F212F264300503858 /* DKHomeInfoRequest.m in Sources */ = {isa = PBXBuildFile; fileRef = 1B89A98E212F264300503858 /* DKHomeInfoRequest.m */; };
		1BDAC0D5212EC46F0034C82E /* AppDelegate.m in Sources */ = {isa = PBXBuildFile; fileRef = 1BDAC0D4212EC46F0034C82E /* AppDelegate.m */; };
		1BDAC0E0212EC46F0034C82E /* LaunchScreen.storyboard in Resources */ = {isa = PBXBuildFile; fileRef = 1BDAC0DE212EC46F0034C82E /* LaunchScreen.storyboard */; };
		1BDAC0E3212EC46F0034C82E /* main.m in Sources */ = {isa = PBXBuildFile; fileRef = 1BDAC0E2212EC46F0034C82E /* main.m */; };
		1BDAC0F3212EE7060034C82E /* Public.xcassets in Resources */ = {isa = PBXBuildFile; fileRef = 1BDAC0F2212EE7060034C82E /* Public.xcassets */; };
		1BDAC128212EF4CC0034C82E /* AppCoreService.m in Sources */ = {isa = PBXBuildFile; fileRef = 1BDAC127212EF4CC0034C82E /* AppCoreService.m */; };
		1BDAC12B212EF5410034C82E /* AppPushService.m in Sources */ = {isa = PBXBuildFile; fileRef = 1BDAC12A212EF5410034C82E /* AppPushService.m */; };
		1BDAC12E212EF8040034C82E /* BaseViewController.m in Sources */ = {isa = PBXBuildFile; fileRef = 1BDAC12D212EF8040034C82E /* BaseViewController.m */; };
		1BDAC131212EF8880034C82E /* BaseTabBarController.m in Sources */ = {isa = PBXBuildFile; fileRef = 1BDAC130212EF8880034C82E /* BaseTabBarController.m */; };
		1BDAC134212EF8F20034C82E /* BaseNavigationController.m in Sources */ = {isa = PBXBuildFile; fileRef = 1BDAC133212EF8F20034C82E /* BaseNavigationController.m */; };
		1BDAC137212EF91B0034C82E /* BaseWebViewController.m in Sources */ = {isa = PBXBuildFile; fileRef = 1BDAC136212EF91B0034C82E /* BaseWebViewController.m */; };
		1BDAC13A212EFEFB0034C82E /* BaseModel.m in Sources */ = {isa = PBXBuildFile; fileRef = 1BDAC139212EFEFB0034C82E /* BaseModel.m */; };
		1BDAC13D212F02B50034C82E /* RequestService.m in Sources */ = {isa = PBXBuildFile; fileRef = 1BDAC13C212F02B50034C82E /* RequestService.m */; };
		1BDAC144212F0C680034C82E /* DKNetwork.m in Sources */ = {isa = PBXBuildFile; fileRef = 1BDAC143212F0C680034C82E /* DKNetwork.m */; };
		1BDAC147212F0E510034C82E /* DKNetworkConfig.m in Sources */ = {isa = PBXBuildFile; fileRef = 1BDAC146212F0E510034C82E /* DKNetworkConfig.m */; };
		1BDAC14A212F114A0034C82E /* DKNotification.m in Sources */ = {isa = PBXBuildFile; fileRef = 1BDAC149212F114A0034C82E /* DKNotification.m */; };
		1BDAC155212F14660034C82E /* DKHelper.m in Sources */ = {isa = PBXBuildFile; fileRef = 1BDAC154212F14660034C82E /* DKHelper.m */; };
		1BDAC158212F16ED0034C82E /* DKCryptor.m in Sources */ = {isa = PBXBuildFile; fileRef = 1BDAC157212F16ED0034C82E /* DKCryptor.m */; };
		1BDAC15B212F17EA0034C82E /* DKEncryptTool.m in Sources */ = {isa = PBXBuildFile; fileRef = 1BDAC15A212F17EA0034C82E /* DKEncryptTool.m */; };
/* End PBXBuildFile section */

/* Begin PBXFileReference section */
		1B3B88BA212F19BD00B952E2 /* DKProject.pch */ = {isa = PBXFileReference; lastKnownFileType = sourcecode.c.h; path = DKProject.pch; sourceTree = "<group>"; };
		1B89A970212F1C2B00503858 /* DKUserManager.h */ = {isa = PBXFileReference; lastKnownFileType = sourcecode.c.h; path = DKUserManager.h; sourceTree = "<group>"; };
		1B89A971212F1C2B00503858 /* DKUserManager.m */ = {isa = PBXFileReference; lastKnownFileType = sourcecode.c.objc; path = DKUserManager.m; sourceTree = "<group>"; };
		1B89A973212F1D2800503858 /* DKUserModel.h */ = {isa = PBXFileReference; lastKnownFileType = sourcecode.c.h; path = DKUserModel.h; sourceTree = "<group>"; };
		1B89A974212F1D2800503858 /* DKUserModel.m */ = {isa = PBXFileReference; lastKnownFileType = sourcecode.c.objc; path = DKUserModel.m; sourceTree = "<group>"; };
		1B89A976212F208300503858 /* LoginViewController.h */ = {isa = PBXFileReference; lastKnownFileType = sourcecode.c.h; path = LoginViewController.h; sourceTree = "<group>"; };
		1B89A977212F208300503858 /* LoginViewController.m */ = {isa = PBXFileReference; lastKnownFileType = sourcecode.c.objc; path = LoginViewController.m; sourceTree = "<group>"; };
		1B89A979212F20DF00503858 /* DKLoginRequest.h */ = {isa = PBXFileReference; lastKnownFileType = sourcecode.c.h; path = DKLoginRequest.h; sourceTree = "<group>"; };
		1B89A97A212F20DF00503858 /* DKLoginRequest.m */ = {isa = PBXFileReference; lastKnownFileType = sourcecode.c.objc; path = DKLoginRequest.m; sourceTree = "<group>"; };
		1B89A97C212F23D900503858 /* Login.xcassets */ = {isa = PBXFileReference; lastKnownFileType = folder.assetcatalog; path = Login.xcassets; sourceTree = "<group>"; };
		1B89A97E212F23EA00503858 /* Login.storyboard */ = {isa = PBXFileReference; lastKnownFileType = file.storyboard; path = Login.storyboard; sourceTree = "<group>"; };
		1B89A980212F257000503858 /* DKHomeInfoModel.h */ = {isa = PBXFileReference; lastKnownFileType = sourcecode.c.h; path = DKHomeInfoModel.h; sourceTree = "<group>"; };
		1B89A981212F257000503858 /* DKHomeInfoModel.m */ = {isa = PBXFileReference; lastKnownFileType = sourcecode.c.objc; path = DKHomeInfoModel.m; sourceTree = "<group>"; };
		1B89A986212F25A500503858 /* Home.xcassets */ = {isa = PBXFileReference; lastKnownFileType = folder.assetcatalog; path = Home.xcassets; sourceTree = "<group>"; };
		1B89A988212F25B200503858 /* Home.storyboard */ = {isa = PBXFileReference; lastKnownFileType = file.storyboard; path = Home.storyboard; sourceTree = "<group>"; };
		1B89A98A212F25CC00503858 /* HomeViewController.h */ = {isa = PBXFileReference; lastKnownFileType = sourcecode.c.h; path = HomeViewController.h; sourceTree = "<group>"; };
		1B89A98B212F25CC00503858 /* HomeViewController.m */ = {isa = PBXFileReference; lastKnownFileType = sourcecode.c.objc; path = HomeViewController.m; sourceTree = "<group>"; };
		1B89A98D212F264300503858 /* DKHomeInfoRequest.h */ = {isa = PBXFileReference; lastKnownFileType = sourcecode.c.h; path = DKHomeInfoRequest.h; sourceTree = "<group>"; };
		1B89A98E212F264300503858 /* DKHomeInfoRequest.m */ = {isa = PBXFileReference; lastKnownFileType = sourcecode.c.objc; path = DKHomeInfoRequest.m; sourceTree = "<group>"; };
		1BDAC0D0212EC46F0034C82E /* DKProject.app */ = {isa = PBXFileReference; explicitFileType = wrapper.application; includeInIndex = 0; path = DKProject.app; sourceTree = BUILT_PRODUCTS_DIR; };
		1BDAC0D3212EC46F0034C82E /* AppDelegate.h */ = {isa = PBXFileReference; lastKnownFileType = sourcecode.c.h; path = AppDelegate.h; sourceTree = "<group>"; };
		1BDAC0D4212EC46F0034C82E /* AppDelegate.m */ = {isa = PBXFileReference; lastKnownFileType = sourcecode.c.objc; path = AppDelegate.m; sourceTree = "<group>"; };
		1BDAC0DF212EC46F0034C82E /* Base */ = {isa = PBXFileReference; lastKnownFileType = file.storyboard; name = Base; path = Base.lproj/LaunchScreen.storyboard; sourceTree = "<group>"; };
		1BDAC0E1212EC46F0034C82E /* Info.plist */ = {isa = PBXFileReference; lastKnownFileType = text.plist.xml; path = Info.plist; sourceTree = "<group>"; };
		1BDAC0E2212EC46F0034C82E /* main.m */ = {isa = PBXFileReference; lastKnownFileType = sourcecode.c.objc; path = main.m; sourceTree = "<group>"; };
		1BDAC0F2212EE7060034C82E /* Public.xcassets */ = {isa = PBXFileReference; lastKnownFileType = folder.assetcatalog; path = Public.xcassets; sourceTree = "<group>"; };
		1BDAC126212EF4CC0034C82E /* AppCoreService.h */ = {isa = PBXFileReference; lastKnownFileType = sourcecode.c.h; path = AppCoreService.h; sourceTree = "<group>"; };
		1BDAC127212EF4CC0034C82E /* AppCoreService.m */ = {isa = PBXFileReference; lastKnownFileType = sourcecode.c.objc; path = AppCoreService.m; sourceTree = "<group>"; };
		1BDAC129212EF5410034C82E /* AppPushService.h */ = {isa = PBXFileReference; lastKnownFileType = sourcecode.c.h; path = AppPushService.h; sourceTree = "<group>"; };
		1BDAC12A212EF5410034C82E /* AppPushService.m */ = {isa = PBXFileReference; lastKnownFileType = sourcecode.c.objc; path = AppPushService.m; sourceTree = "<group>"; };
		1BDAC12C212EF8040034C82E /* BaseViewController.h */ = {isa = PBXFileReference; lastKnownFileType = sourcecode.c.h; path = BaseViewController.h; sourceTree = "<group>"; };
		1BDAC12D212EF8040034C82E /* BaseViewController.m */ = {isa = PBXFileReference; lastKnownFileType = sourcecode.c.objc; path = BaseViewController.m; sourceTree = "<group>"; };
		1BDAC12F212EF8880034C82E /* BaseTabBarController.h */ = {isa = PBXFileReference; lastKnownFileType = sourcecode.c.h; path = BaseTabBarController.h; sourceTree = "<group>"; };
		1BDAC130212EF8880034C82E /* BaseTabBarController.m */ = {isa = PBXFileReference; lastKnownFileType = sourcecode.c.objc; path = BaseTabBarController.m; sourceTree = "<group>"; };
		1BDAC132212EF8F20034C82E /* BaseNavigationController.h */ = {isa = PBXFileReference; lastKnownFileType = sourcecode.c.h; path = BaseNavigationController.h; sourceTree = "<group>"; };
		1BDAC133212EF8F20034C82E /* BaseNavigationController.m */ = {isa = PBXFileReference; lastKnownFileType = sourcecode.c.objc; path = BaseNavigationController.m; sourceTree = "<group>"; };
		1BDAC135212EF91B0034C82E /* BaseWebViewController.h */ = {isa = PBXFileReference; lastKnownFileType = sourcecode.c.h; path = BaseWebViewController.h; sourceTree = "<group>"; };
		1BDAC136212EF91B0034C82E /* BaseWebViewController.m */ = {isa = PBXFileReference; lastKnownFileType = sourcecode.c.objc; path = BaseWebViewController.m; sourceTree = "<group>"; };
		1BDAC138212EFEFB0034C82E /* BaseModel.h */ = {isa = PBXFileReference; lastKnownFileType = sourcecode.c.h; path = BaseModel.h; sourceTree = "<group>"; };
		1BDAC139212EFEFB0034C82E /* BaseModel.m */ = {isa = PBXFileReference; lastKnownFileType = sourcecode.c.objc; path = BaseModel.m; sourceTree = "<group>"; };
		1BDAC13B212F02B50034C82E /* RequestService.h */ = {isa = PBXFileReference; lastKnownFileType = sourcecode.c.h; path = RequestService.h; sourceTree = "<group>"; };
		1BDAC13C212F02B50034C82E /* RequestService.m */ = {isa = PBXFileReference; lastKnownFileType = sourcecode.c.objc; path = RequestService.m; sourceTree = "<group>"; };
		1BDAC13E212F07130034C82E /* DKRequest.h */ = {isa = PBXFileReference; lastKnownFileType = sourcecode.c.h; path = DKRequest.h; sourceTree = "<group>"; };
		1BDAC142212F0C680034C82E /* DKNetwork.h */ = {isa = PBXFileReference; lastKnownFileType = sourcecode.c.h; path = DKNetwork.h; sourceTree = "<group>"; };
		1BDAC143212F0C680034C82E /* DKNetwork.m */ = {isa = PBXFileReference; lastKnownFileType = sourcecode.c.objc; path = DKNetwork.m; sourceTree = "<group>"; };
		1BDAC145212F0E510034C82E /* DKNetworkConfig.h */ = {isa = PBXFileReference; lastKnownFileType = sourcecode.c.h; path = DKNetworkConfig.h; sourceTree = "<group>"; };
		1BDAC146212F0E510034C82E /* DKNetworkConfig.m */ = {isa = PBXFileReference; lastKnownFileType = sourcecode.c.objc; path = DKNetworkConfig.m; sourceTree = "<group>"; };
		1BDAC148212F114A0034C82E /* DKNotification.h */ = {isa = PBXFileReference; lastKnownFileType = sourcecode.c.h; path = DKNotification.h; sourceTree = "<group>"; };
		1BDAC149212F114A0034C82E /* DKNotification.m */ = {isa = PBXFileReference; lastKnownFileType = sourcecode.c.objc; path = DKNotification.m; sourceTree = "<group>"; };
		1BDAC14E212F12D40034C82E /* DKPublicMacros.h */ = {isa = PBXFileReference; lastKnownFileType = sourcecode.c.h; path = DKPublicMacros.h; sourceTree = "<group>"; };
		1BDAC152212F14060034C82E /* DKDisplayMacros.h */ = {isa = PBXFileReference; lastKnownFileType = sourcecode.c.h; path = DKDisplayMacros.h; sourceTree = "<group>"; };
		1BDAC153212F14660034C82E /* DKHelper.h */ = {isa = PBXFileReference; lastKnownFileType = sourcecode.c.h; path = DKHelper.h; sourceTree = "<group>"; };
		1BDAC154212F14660034C82E /* DKHelper.m */ = {isa = PBXFileReference; lastKnownFileType = sourcecode.c.objc; path = DKHelper.m; sourceTree = "<group>"; };
		1BDAC156212F16ED0034C82E /* DKCryptor.h */ = {isa = PBXFileReference; lastKnownFileType = sourcecode.c.h; path = DKCryptor.h; sourceTree = "<group>"; };
		1BDAC157212F16ED0034C82E /* DKCryptor.m */ = {isa = PBXFileReference; lastKnownFileType = sourcecode.c.objc; path = DKCryptor.m; sourceTree = "<group>"; };
		1BDAC159212F17EA0034C82E /* DKEncryptTool.h */ = {isa = PBXFileReference; lastKnownFileType = sourcecode.c.h; path = DKEncryptTool.h; sourceTree = "<group>"; };
		1BDAC15A212F17EA0034C82E /* DKEncryptTool.m */ = {isa = PBXFileReference; lastKnownFileType = sourcecode.c.objc; path = DKEncryptTool.m; sourceTree = "<group>"; };
		1BDAC15C212F18B80034C82E /* DKExpands.h */ = {isa = PBXFileReference; lastKnownFileType = sourcecode.c.h; path = DKExpands.h; sourceTree = "<group>"; };
		2B562970BC752ACC6E275954 /* Pods-DKProject.release.xcconfig */ = {isa = PBXFileReference; includeInIndex = 1; lastKnownFileType = text.xcconfig; name = "Pods-DKProject.release.xcconfig"; path = "Pods/Target Support Files/Pods-DKProject/Pods-DKProject.release.xcconfig"; sourceTree = "<group>"; };
		6FAAABE7C603B44BDEF2733D /* Pods-DKProject.debug.xcconfig */ = {isa = PBXFileReference; includeInIndex = 1; lastKnownFileType = text.xcconfig; name = "Pods-DKProject.debug.xcconfig"; path = "Pods/Target Support Files/Pods-DKProject/Pods-DKProject.debug.xcconfig"; sourceTree = "<group>"; };
		C25702FFD496F0295E4E811B /* libPods-DKProject.a */ = {isa = PBXFileReference; explicitFileType = archive.ar; includeInIndex = 0; path = "libPods-DKProject.a"; sourceTree = BUILT_PRODUCTS_DIR; };
/* End PBXFileReference section */

/* Begin PBXFrameworksBuildPhase section */
		1BDAC0CD212EC46F0034C82E /* Frameworks */ = {
			isa = PBXFrameworksBuildPhase;
			buildActionMask = 2147483647;
			files = (
				005964B6885F4BA30B179A15 /* libPods-DKProject.a in Frameworks */,
			);
			runOnlyForDeploymentPostprocessing = 0;
		};
/* End PBXFrameworksBuildPhase section */

/* Begin PBXGroup section */
		1BDAC0C7212EC46F0034C82E = {
			isa = PBXGroup;
			children = (
				1BDAC0D2212EC46F0034C82E /* DKProject */,
				1BDAC0D1212EC46F0034C82E /* Products */,
				DA97B7F5F94562432FA14A97 /* Pods */,
				DE5AB51E4A88B7EED792A2D2 /* Frameworks */,
			);
			sourceTree = "<group>";
		};
		1BDAC0D1212EC46F0034C82E /* Products */ = {
			isa = PBXGroup;
			children = (
				1BDAC0D0212EC46F0034C82E /* DKProject.app */,
			);
			name = Products;
			sourceTree = "<group>";
		};
		1BDAC0D2212EC46F0034C82E /* DKProject */ = {
			isa = PBXGroup;
			children = (
				1BDAC0E9212EE4C20034C82E /* Classes */,
				1BDAC0EA212EE4DB0034C82E /* Resources */,
				1BDAC15D212F19410034C82E /* Supporting Files */,
			);
			path = DKProject;
			sourceTree = "<group>";
		};
		1BDAC0E9212EE4C20034C82E /* Classes */ = {
			isa = PBXGroup;
			children = (
				1BDAC0EB212EE4F70034C82E /* Application */,
				1BDAC0F4212EE7710034C82E /* BaseClass */,
				1BDAC0F9212EE8510034C82E /* Modules */,
				1BDAC11B212EE9BA0034C82E /* Managers */,
				1BDAC11C212EE9FC0034C82E /* Expands */,
				1BDAC125212EEAAC0034C82E /* Venders */,
			);
			path = Classes;
			sourceTree = "<group>";
		};
		1BDAC0EA212EE4DB0034C82E /* Resources */ = {
			isa = PBXGroup;
			children = (
				1BDAC0EC212EE63F0034C82E /* Atlases */,
				1BDAC0ED212EE6590034C82E /* WebFiles */,
				1BDAC0EE212EE6690034C82E /* Images */,
				1BDAC0EF212EE6730034C82E /* Plists */,
				1BDAC0F1212EE6890034C82E /* Videos */,
				1BDAC0F0212EE6820034C82E /* Audios */,
			);
			path = Resources;
			sourceTree = "<group>";
		};
		1BDAC0EB212EE4F70034C82E /* Application */ = {
			isa = PBXGroup;
			children = (
				1BDAC0D3212EC46F0034C82E /* AppDelegate.h */,
				1BDAC0D4212EC46F0034C82E /* AppDelegate.m */,
				1BDAC126212EF4CC0034C82E /* AppCoreService.h */,
				1BDAC127212EF4CC0034C82E /* AppCoreService.m */,
				1BDAC129212EF5410034C82E /* AppPushService.h */,
				1BDAC12A212EF5410034C82E /* AppPushService.m */,
				1BDAC0DE212EC46F0034C82E /* LaunchScreen.storyboard */,
			);
			path = Application;
			sourceTree = "<group>";
		};
		1BDAC0EC212EE63F0034C82E /* Atlases */ = {
			isa = PBXGroup;
			children = (
				1BDAC0F2212EE7060034C82E /* Public.xcassets */,
			);
			path = Atlases;
			sourceTree = "<group>";
		};
		1BDAC0ED212EE6590034C82E /* WebFiles */ = {
			isa = PBXGroup;
			children = (
			);
			path = WebFiles;
			sourceTree = "<group>";
		};
		1BDAC0EE212EE6690034C82E /* Images */ = {
			isa = PBXGroup;
			children = (
			);
			path = Images;
			sourceTree = "<group>";
		};
		1BDAC0EF212EE6730034C82E /* Plists */ = {
			isa = PBXGroup;
			children = (
			);
			path = Plists;
			sourceTree = "<group>";
		};
		1BDAC0F0212EE6820034C82E /* Audios */ = {
			isa = PBXGroup;
			children = (
			);
			path = Audios;
			sourceTree = "<group>";
		};
		1BDAC0F1212EE6890034C82E /* Videos */ = {
			isa = PBXGroup;
			children = (
			);
			path = Videos;
			sourceTree = "<group>";
		};
		1BDAC0F4212EE7710034C82E /* BaseClass */ = {
			isa = PBXGroup;
			children = (
				1BDAC0F5212EE7BB0034C82E /* BaseControllers */,
				1BDAC0F6212EE7D60034C82E /* BaseViews */,
				1BDAC0F7212EE7EB0034C82E /* BaseModels */,
				1BDAC0F8212EE80D0034C82E /* BaseServices */,
			);
			path = BaseClass;
			sourceTree = "<group>";
		};
		1BDAC0F5212EE7BB0034C82E /* BaseControllers */ = {
			isa = PBXGroup;
			children = (
				1BDAC12C212EF8040034C82E /* BaseViewController.h */,
				1BDAC12D212EF8040034C82E /* BaseViewController.m */,
				1BDAC135212EF91B0034C82E /* BaseWebViewController.h */,
				1BDAC136212EF91B0034C82E /* BaseWebViewController.m */,
				1BDAC12F212EF8880034C82E /* BaseTabBarController.h */,
				1BDAC130212EF8880034C82E /* BaseTabBarController.m */,
				1BDAC132212EF8F20034C82E /* BaseNavigationController.h */,
				1BDAC133212EF8F20034C82E /* BaseNavigationController.m */,
			);
			path = BaseControllers;
			sourceTree = "<group>";
		};
		1BDAC0F6212EE7D60034C82E /* BaseViews */ = {
			isa = PBXGroup;
			children = (
			);
			path = BaseViews;
			sourceTree = "<group>";
		};
		1BDAC0F7212EE7EB0034C82E /* BaseModels */ = {
			isa = PBXGroup;
			children = (
				1BDAC138212EFEFB0034C82E /* BaseModel.h */,
				1BDAC139212EFEFB0034C82E /* BaseModel.m */,
			);
			path = BaseModels;
			sourceTree = "<group>";
		};
		1BDAC0F8212EE80D0034C82E /* BaseServices */ = {
			isa = PBXGroup;
			children = (
				1BDAC13E212F07130034C82E /* DKRequest.h */,
				1BDAC13B212F02B50034C82E /* RequestService.h */,
				1BDAC13C212F02B50034C82E /* RequestService.m */,
			);
			path = BaseServices;
			sourceTree = "<group>";
		};
		1BDAC0F9212EE8510034C82E /* Modules */ = {
			isa = PBXGroup;
			children = (
				1BDAC0FB212EE87A0034C82E /* Login */,
				1BDAC0FA212EE8700034C82E /* Home */,
				1BDAC0FC212EE8810034C82E /* Public */,
			);
			path = Modules;
			sourceTree = "<group>";
		};
		1BDAC0FA212EE8700034C82E /* Home */ = {
			isa = PBXGroup;
			children = (
				1BDAC119212EE9930034C82E /* Controllers */,
				1BDAC117212EE9930034C82E /* Models */,
				1BDAC11A212EE9930034C82E /* Views */,
				1BDAC115212EE9930034C82E /* Services */,
				1BDAC118212EE9930034C82E /* Resouces */,
			);
			path = Home;
			sourceTree = "<group>";
		};
		1BDAC0FB212EE87A0034C82E /* Login */ = {
			isa = PBXGroup;
			children = (
				1BDAC10F212EE9600034C82E /* Controllers */,
				1BDAC113212EE9600034C82E /* Models */,
				1BDAC110212EE9600034C82E /* Views */,
				1BDAC114212EE9600034C82E /* Services */,
				1BDAC111212EE9600034C82E /* Resouces */,
			);
			path = Login;
			sourceTree = "<group>";
		};
		1BDAC0FC212EE8810034C82E /* Public */ = {
			isa = PBXGroup;
			children = (
				1BDAC109212EE93B0034C82E /* Controllers */,
				1BDAC10C212EE93B0034C82E /* Models */,
				1BDAC10E212EE93B0034C82E /* Views */,
				1BDAC10D212EE93B0034C82E /* Services */,
				1BDAC10B212EE93B0034C82E /* Resouces */,
			);
			path = Public;
			sourceTree = "<group>";
		};
		1BDAC109212EE93B0034C82E /* Controllers */ = {
			isa = PBXGroup;
			children = (
			);
			path = Controllers;
			sourceTree = "<group>";
		};
		1BDAC10B212EE93B0034C82E /* Resouces */ = {
			isa = PBXGroup;
			children = (
			);
			path = Resouces;
			sourceTree = "<group>";
		};
		1BDAC10C212EE93B0034C82E /* Models */ = {
			isa = PBXGroup;
			children = (
			);
			path = Models;
			sourceTree = "<group>";
		};
		1BDAC10D212EE93B0034C82E /* Services */ = {
			isa = PBXGroup;
			children = (
			);
			path = Services;
			sourceTree = "<group>";
		};
		1BDAC10E212EE93B0034C82E /* Views */ = {
			isa = PBXGroup;
			children = (
			);
			path = Views;
			sourceTree = "<group>";
		};
		1BDAC10F212EE9600034C82E /* Controllers */ = {
			isa = PBXGroup;
			children = (
				1B89A976212F208300503858 /* LoginViewController.h */,
				1B89A977212F208300503858 /* LoginViewController.m */,
			);
			path = Controllers;
			sourceTree = "<group>";
		};
		1BDAC110212EE9600034C82E /* Views */ = {
			isa = PBXGroup;
			children = (
			);
			path = Views;
			sourceTree = "<group>";
		};
		1BDAC111212EE9600034C82E /* Resouces */ = {
			isa = PBXGroup;
			children = (
				1B89A97E212F23EA00503858 /* Login.storyboard */,
				1B89A97C212F23D900503858 /* Login.xcassets */,
			);
			path = Resouces;
			sourceTree = "<group>";
		};
		1BDAC113212EE9600034C82E /* Models */ = {
			isa = PBXGroup;
			children = (
				1B89A973212F1D2800503858 /* DKUserModel.h */,
				1B89A974212F1D2800503858 /* DKUserModel.m */,
			);
			path = Models;
			sourceTree = "<group>";
		};
		1BDAC114212EE9600034C82E /* Services */ = {
			isa = PBXGroup;
			children = (
				1B89A979212F20DF00503858 /* DKLoginRequest.h */,
				1B89A97A212F20DF00503858 /* DKLoginRequest.m */,
			);
			path = Services;
			sourceTree = "<group>";
		};
		1BDAC115212EE9930034C82E /* Services */ = {
			isa = PBXGroup;
			children = (
				1B89A98D212F264300503858 /* DKHomeInfoRequest.h */,
				1B89A98E212F264300503858 /* DKHomeInfoRequest.m */,
			);
			path = Services;
			sourceTree = "<group>";
		};
		1BDAC117212EE9930034C82E /* Models */ = {
			isa = PBXGroup;
			children = (
				1B89A980212F257000503858 /* DKHomeInfoModel.h */,
				1B89A981212F257000503858 /* DKHomeInfoModel.m */,
			);
			path = Models;
			sourceTree = "<group>";
		};
		1BDAC118212EE9930034C82E /* Resouces */ = {
			isa = PBXGroup;
			children = (
				1B89A988212F25B200503858 /* Home.storyboard */,
				1B89A986212F25A500503858 /* Home.xcassets */,
			);
			path = Resouces;
			sourceTree = "<group>";
		};
		1BDAC119212EE9930034C82E /* Controllers */ = {
			isa = PBXGroup;
			children = (
				1B89A98A212F25CC00503858 /* HomeViewController.h */,
				1B89A98B212F25CC00503858 /* HomeViewController.m */,
			);
			path = Controllers;
			sourceTree = "<group>";
		};
		1BDAC11A212EE9930034C82E /* Views */ = {
			isa = PBXGroup;
			children = (
			);
			path = Views;
			sourceTree = "<group>";
		};
		1BDAC11B212EE9BA0034C82E /* Managers */ = {
			isa = PBXGroup;
			children = (
				1B89A970212F1C2B00503858 /* DKUserManager.h */,
				1B89A971212F1C2B00503858 /* DKUserManager.m */,
			);
			path = Managers;
			sourceTree = "<group>";
		};
		1BDAC11C212EE9FC0034C82E /* Expands */ = {
			isa = PBXGroup;
			children = (
				1BDAC124212EEA8D0034C82E /* Categories */,
				1BDAC123212EEA7F0034C82E /* Networks */,
				1BDAC122212EEA710034C82E /* Consts */,
				1BDAC121212EEA5F0034C82E /* Macros */,
				1BDAC120212EEA540034C82E /* Tools */,
				1BDAC11F212EEA230034C82E /* Controls */,
				1BDAC11E212EEA110034C82E /* DataBase */,
				1BDAC11D212EEA080034C82E /* Helpers */,
			);
			path = Expands;
			sourceTree = "<group>";
		};
		1BDAC11D212EEA080034C82E /* Helpers */ = {
			isa = PBXGroup;
			children = (
				1BDAC153212F14660034C82E /* DKHelper.h */,
				1BDAC154212F14660034C82E /* DKHelper.m */,
				1BDAC15C212F18B80034C82E /* DKExpands.h */,
			);
			path = Helpers;
			sourceTree = "<group>";
		};
		1BDAC11E212EEA110034C82E /* DataBase */ = {
			isa = PBXGroup;
			children = (
			);
			path = DataBase;
			sourceTree = "<group>";
		};
		1BDAC11F212EEA230034C82E /* Controls */ = {
			isa = PBXGroup;
			children = (
			);
			path = Controls;
			sourceTree = "<group>";
		};
		1BDAC120212EEA540034C82E /* Tools */ = {
			isa = PBXGroup;
			children = (
				1BDAC156212F16ED0034C82E /* DKCryptor.h */,
				1BDAC157212F16ED0034C82E /* DKCryptor.m */,
				1BDAC159212F17EA0034C82E /* DKEncryptTool.h */,
				1BDAC15A212F17EA0034C82E /* DKEncryptTool.m */,
			);
			path = Tools;
			sourceTree = "<group>";
		};
		1BDAC121212EEA5F0034C82E /* Macros */ = {
			isa = PBXGroup;
			children = (
				1BDAC14E212F12D40034C82E /* DKPublicMacros.h */,
				1BDAC152212F14060034C82E /* DKDisplayMacros.h */,
			);
			path = Macros;
			sourceTree = "<group>";
		};
		1BDAC122212EEA710034C82E /* Consts */ = {
			isa = PBXGroup;
			children = (
				1BDAC148212F114A0034C82E /* DKNotification.h */,
				1BDAC149212F114A0034C82E /* DKNotification.m */,
				1BDAC145212F0E510034C82E /* DKNetworkConfig.h */,
				1BDAC146212F0E510034C82E /* DKNetworkConfig.m */,
			);
			path = Consts;
			sourceTree = "<group>";
		};
		1BDAC123212EEA7F0034C82E /* Networks */ = {
			isa = PBXGroup;
			children = (
				1BDAC142212F0C680034C82E /* DKNetwork.h */,
				1BDAC143212F0C680034C82E /* DKNetwork.m */,
			);
			path = Networks;
			sourceTree = "<group>";
		};
		1BDAC124212EEA8D0034C82E /* Categories */ = {
			isa = PBXGroup;
			children = (
			);
			path = Categories;
			sourceTree = "<group>";
		};
		1BDAC125212EEAAC0034C82E /* Venders */ = {
			isa = PBXGroup;
			children = (
			);
			path = Venders;
			sourceTree = "<group>";
		};
		1BDAC15D212F19410034C82E /* Supporting Files */ = {
			isa = PBXGroup;
			children = (
				1BDAC0E1212EC46F0034C82E /* Info.plist */,
				1BDAC0E2212EC46F0034C82E /* main.m */,
				1B3B88BA212F19BD00B952E2 /* DKProject.pch */,
			);
			name = "Supporting Files";
			sourceTree = "<group>";
		};
		DA97B7F5F94562432FA14A97 /* Pods */ = {
			isa = PBXGroup;
			children = (
				6FAAABE7C603B44BDEF2733D /* Pods-DKProject.debug.xcconfig */,
				2B562970BC752ACC6E275954 /* Pods-DKProject.release.xcconfig */,
			);
			name = Pods;
			sourceTree = "<group>";
		};
		DE5AB51E4A88B7EED792A2D2 /* Frameworks */ = {
			isa = PBXGroup;
			children = (
				C25702FFD496F0295E4E811B /* libPods-DKProject.a */,
			);
			name = Frameworks;
			sourceTree = "<group>";
		};
/* End PBXGroup section */

/* Begin PBXNativeTarget section */
		1BDAC0CF212EC46F0034C82E /* DKProject */ = {
			isa = PBXNativeTarget;
			buildConfigurationList = 1BDAC0E6212EC46F0034C82E /* Build configuration list for PBXNativeTarget "DKProject" */;
			buildPhases = (
				A43A237BBAD5808BCEB999C7 /* [CP] Check Pods Manifest.lock */,
				1BDAC0CC212EC46F0034C82E /* Sources */,
				1BDAC0CD212EC46F0034C82E /* Frameworks */,
				1BDAC0CE212EC46F0034C82E /* Resources */,
			);
			buildRules = (
			);
			dependencies = (
			);
			name = DKProject;
			productName = DKProject;
			productReference = 1BDAC0D0212EC46F0034C82E /* DKProject.app */;
			productType = "com.apple.product-type.application";
		};
/* End PBXNativeTarget section */

/* Begin PBXProject section */
		1BDAC0C8212EC46F0034C82E /* Project object */ = {
			isa = PBXProject;
			attributes = {
				LastUpgradeCheck = 0940;
				ORGANIZATIONNAME = "雪凌";
				TargetAttributes = {
					1BDAC0CF212EC46F0034C82E = {
						CreatedOnToolsVersion = 9.4.1;
					};
				};
			};
			buildConfigurationList = 1BDAC0CB212EC46F0034C82E /* Build configuration list for PBXProject "DKProject" */;
			compatibilityVersion = "Xcode 9.3";
			developmentRegion = en;
			hasScannedForEncodings = 0;
			knownRegions = (
				en,
				Base,
			);
			mainGroup = 1BDAC0C7212EC46F0034C82E;
			productRefGroup = 1BDAC0D1212EC46F0034C82E /* Products */;
			projectDirPath = "";
			projectRoot = "";
			targets = (
				1BDAC0CF212EC46F0034C82E /* DKProject */,
			);
		};
/* End PBXProject section */

/* Begin PBXResourcesBuildPhase section */
		1BDAC0CE212EC46F0034C82E /* Resources */ = {
			isa = PBXResourcesBuildPhase;
			buildActionMask = 2147483647;
			files = (
				1B89A97F212F23EA00503858 /* Login.storyboard in Resources */,
				1BDAC0E0212EC46F0034C82E /* LaunchScreen.storyboard in Resources */,
				1B89A97D212F23D900503858 /* Login.xcassets in Resources */,
				1B89A989212F25B200503858 /* Home.storyboard in Resources */,
				1B89A987212F25A500503858 /* Home.xcassets in Resources */,
				1BDAC0F3212EE7060034C82E /* Public.xcassets in Resources */,
			);
			runOnlyForDeploymentPostprocessing = 0;
		};
/* End PBXResourcesBuildPhase section */

/* Begin PBXShellScriptBuildPhase section */
		A43A237BBAD5808BCEB999C7 /* [CP] Check Pods Manifest.lock */ = {
			isa = PBXShellScriptBuildPhase;
			buildActionMask = 2147483647;
			files = (
			);
			inputPaths = (
				"${PODS_PODFILE_DIR_PATH}/Podfile.lock",
				"${PODS_ROOT}/Manifest.lock",
			);
			name = "[CP] Check Pods Manifest.lock";
			outputPaths = (
				"$(DERIVED_FILE_DIR)/Pods-DKProject-checkManifestLockResult.txt",
			);
			runOnlyForDeploymentPostprocessing = 0;
			shellPath = /bin/sh;
			shellScript = "diff \"${PODS_PODFILE_DIR_PATH}/Podfile.lock\" \"${PODS_ROOT}/Manifest.lock\" > /dev/null\nif [ $? != 0 ] ; then\n    # print error to STDERR\n    echo \"error: The sandbox is not in sync with the Podfile.lock. Run 'pod install' or update your CocoaPods installation.\" >&2\n    exit 1\nfi\n# This output is used by Xcode 'outputs' to avoid re-running this script phase.\necho \"SUCCESS\" > \"${SCRIPT_OUTPUT_FILE_0}\"\n";
			showEnvVarsInLog = 0;
		};
/* End PBXShellScriptBuildPhase section */

/* Begin PBXSourcesBuildPhase section */
		1BDAC0CC212EC46F0034C82E /* Sources */ = {
			isa = PBXSourcesBuildPhase;
			buildActionMask = 2147483647;
			files = (
				1B89A97B212F20DF00503858 /* DKLoginRequest.m in Sources */,
				1BDAC13A212EFEFB0034C82E /* BaseModel.m in Sources */,
				1BDAC14A212F114A0034C82E /* DKNotification.m in Sources */,
				1BDAC155212F14660034C82E /* DKHelper.m in Sources */,
				1BDAC13D212F02B50034C82E /* RequestService.m in Sources */,
				1BDAC12B212EF5410034C82E /* AppPushService.m in Sources */,
				1B89A98F212F264300503858 /* DKHomeInfoRequest.m in Sources */,
				1BDAC134212EF8F20034C82E /* BaseNavigationController.m in Sources */,
				1B89A982212F257000503858 /* DKHomeInfoModel.m in Sources */,
				1BDAC137212EF91B0034C82E /* BaseWebViewController.m in Sources */,
				1B89A98C212F25CC00503858 /* HomeViewController.m in Sources */,
				1BDAC12E212EF8040034C82E /* BaseViewController.m in Sources */,
				1BDAC0E3212EC46F0034C82E /* main.m in Sources */,
				1BDAC158212F16ED0034C82E /* DKCryptor.m in Sources */,
				1BDAC147212F0E510034C82E /* DKNetworkConfig.m in Sources */,
				1BDAC0D5212EC46F0034C82E /* AppDelegate.m in Sources */,
				1BDAC15B212F17EA0034C82E /* DKEncryptTool.m in Sources */,
				1B89A975212F1D2800503858 /* DKUserModel.m in Sources */,
				1BDAC131212EF8880034C82E /* BaseTabBarController.m in Sources */,
				1B89A978212F208300503858 /* LoginViewController.m in Sources */,
				1BDAC128212EF4CC0034C82E /* AppCoreService.m in Sources */,
				1B89A972212F1C2B00503858 /* DKUserManager.m in Sources */,
				1BDAC144212F0C680034C82E /* DKNetwork.m in Sources */,
			);
			runOnlyForDeploymentPostprocessing = 0;
		};
/* End PBXSourcesBuildPhase section */

/* Begin PBXVariantGroup section */
		1BDAC0DE212EC46F0034C82E /* LaunchScreen.storyboard */ = {
			isa = PBXVariantGroup;
			children = (
				1BDAC0DF212EC46F0034C82E /* Base */,
			);
			name = LaunchScreen.storyboard;
			sourceTree = "<group>";
		};
/* End PBXVariantGroup section */

/* Begin XCBuildConfiguration section */
		1BDAC0E4212EC46F0034C82E /* Debug */ = {
			isa = XCBuildConfiguration;
			buildSettings = {
				ALWAYS_SEARCH_USER_PATHS = NO;
				CLANG_ANALYZER_NONNULL = YES;
				CLANG_ANALYZER_NUMBER_OBJECT_CONVERSION = YES_AGGRESSIVE;
				CLANG_CXX_LANGUAGE_STANDARD = "gnu++14";
				CLANG_CXX_LIBRARY = "libc++";
				CLANG_ENABLE_MODULES = YES;
				CLANG_ENABLE_OBJC_ARC = YES;
				CLANG_ENABLE_OBJC_WEAK = YES;
				CLANG_WARN_BLOCK_CAPTURE_AUTORELEASING = YES;
				CLANG_WARN_BOOL_CONVERSION = YES;
				CLANG_WARN_COMMA = YES;
				CLANG_WARN_CONSTANT_CONVERSION = YES;
				CLANG_WARN_DEPRECATED_OBJC_IMPLEMENTATIONS = YES;
				CLANG_WARN_DIRECT_OBJC_ISA_USAGE = YES_ERROR;
				CLANG_WARN_DOCUMENTATION_COMMENTS = YES;
				CLANG_WARN_EMPTY_BODY = YES;
				CLANG_WARN_ENUM_CONVERSION = YES;
				CLANG_WARN_INFINITE_RECURSION = YES;
				CLANG_WARN_INT_CONVERSION = YES;
				CLANG_WARN_NON_LITERAL_NULL_CONVERSION = YES;
				CLANG_WARN_OBJC_IMPLICIT_RETAIN_SELF = YES;
				CLANG_WARN_OBJC_LITERAL_CONVERSION = YES;
				CLANG_WARN_OBJC_ROOT_CLASS = YES_ERROR;
				CLANG_WARN_RANGE_LOOP_ANALYSIS = YES;
				CLANG_WARN_STRICT_PROTOTYPES = YES;
				CLANG_WARN_SUSPICIOUS_MOVE = YES;
				CLANG_WARN_UNGUARDED_AVAILABILITY = YES_AGGRESSIVE;
				CLANG_WARN_UNREACHABLE_CODE = YES;
				CLANG_WARN__DUPLICATE_METHOD_MATCH = YES;
				CODE_SIGN_IDENTITY = "iPhone Developer";
				COPY_PHASE_STRIP = NO;
				DEBUG_INFORMATION_FORMAT = dwarf;
				ENABLE_STRICT_OBJC_MSGSEND = YES;
				ENABLE_TESTABILITY = YES;
				GCC_C_LANGUAGE_STANDARD = gnu11;
				GCC_DYNAMIC_NO_PIC = NO;
				GCC_NO_COMMON_BLOCKS = YES;
				GCC_OPTIMIZATION_LEVEL = 0;
				GCC_PREPROCESSOR_DEFINITIONS = (
					"DEBUG=1",
					"$(inherited)",
				);
				GCC_WARN_64_TO_32_BIT_CONVERSION = YES;
				GCC_WARN_ABOUT_RETURN_TYPE = YES_ERROR;
				GCC_WARN_UNDECLARED_SELECTOR = YES;
				GCC_WARN_UNINITIALIZED_AUTOS = YES_AGGRESSIVE;
				GCC_WARN_UNUSED_FUNCTION = YES;
				GCC_WARN_UNUSED_VARIABLE = YES;
				IPHONEOS_DEPLOYMENT_TARGET = 11.4;
				MTL_ENABLE_DEBUG_INFO = YES;
				ONLY_ACTIVE_ARCH = YES;
				SDKROOT = iphoneos;
			};
			name = Debug;
		};
		1BDAC0E5212EC46F0034C82E /* Release */ = {
			isa = XCBuildConfiguration;
			buildSettings = {
				ALWAYS_SEARCH_USER_PATHS = NO;
				CLANG_ANALYZER_NONNULL = YES;
				CLANG_ANALYZER_NUMBER_OBJECT_CONVERSION = YES_AGGRESSIVE;
				CLANG_CXX_LANGUAGE_STANDARD = "gnu++14";
				CLANG_CXX_LIBRARY = "libc++";
				CLANG_ENABLE_MODULES = YES;
				CLANG_ENABLE_OBJC_ARC = YES;
				CLANG_ENABLE_OBJC_WEAK = YES;
				CLANG_WARN_BLOCK_CAPTURE_AUTORELEASING = YES;
				CLANG_WARN_BOOL_CONVERSION = YES;
				CLANG_WARN_COMMA = YES;
				CLANG_WARN_CONSTANT_CONVERSION = YES;
				CLANG_WARN_DEPRECATED_OBJC_IMPLEMENTATIONS = YES;
				CLANG_WARN_DIRECT_OBJC_ISA_USAGE = YES_ERROR;
				CLANG_WARN_DOCUMENTATION_COMMENTS = YES;
				CLANG_WARN_EMPTY_BODY = YES;
				CLANG_WARN_ENUM_CONVERSION = YES;
				CLANG_WARN_INFINITE_RECURSION = YES;
				CLANG_WARN_INT_CONVERSION = YES;
				CLANG_WARN_NON_LITERAL_NULL_CONVERSION = YES;
				CLANG_WARN_OBJC_IMPLICIT_RETAIN_SELF = YES;
				CLANG_WARN_OBJC_LITERAL_CONVERSION = YES;
				CLANG_WARN_OBJC_ROOT_CLASS = YES_ERROR;
				CLANG_WARN_RANGE_LOOP_ANALYSIS = YES;
				CLANG_WARN_STRICT_PROTOTYPES = YES;
				CLANG_WARN_SUSPICIOUS_MOVE = YES;
				CLANG_WARN_UNGUARDED_AVAILABILITY = YES_AGGRESSIVE;
				CLANG_WARN_UNREACHABLE_CODE = YES;
				CLANG_WARN__DUPLICATE_METHOD_MATCH = YES;
				CODE_SIGN_IDENTITY = "iPhone Developer";
				COPY_PHASE_STRIP = NO;
				DEBUG_INFORMATION_FORMAT = "dwarf-with-dsym";
				ENABLE_NS_ASSERTIONS = NO;
				ENABLE_STRICT_OBJC_MSGSEND = YES;
				GCC_C_LANGUAGE_STANDARD = gnu11;
				GCC_NO_COMMON_BLOCKS = YES;
				GCC_WARN_64_TO_32_BIT_CONVERSION = YES;
				GCC_WARN_ABOUT_RETURN_TYPE = YES_ERROR;
				GCC_WARN_UNDECLARED_SELECTOR = YES;
				GCC_WARN_UNINITIALIZED_AUTOS = YES_AGGRESSIVE;
				GCC_WARN_UNUSED_FUNCTION = YES;
				GCC_WARN_UNUSED_VARIABLE = YES;
				IPHONEOS_DEPLOYMENT_TARGET = 11.4;
				MTL_ENABLE_DEBUG_INFO = NO;
				SDKROOT = iphoneos;
				VALIDATE_PRODUCT = YES;
			};
			name = Release;
		};
		1BDAC0E7212EC46F0034C82E /* Debug */ = {
			isa = XCBuildConfiguration;
			baseConfigurationReference = 6FAAABE7C603B44BDEF2733D /* Pods-DKProject.debug.xcconfig */;
			buildSettings = {
				ASSETCATALOG_COMPILER_APPICON_NAME = AppIcon;
				CODE_SIGN_STYLE = Automatic;
				DEVELOPMENT_TEAM = 6LA3YNDBNC;
				GCC_PREFIX_HEADER = DKProject/DKProject.pch;
				INFOPLIST_FILE = DKProject/Info.plist;
				IPHONEOS_DEPLOYMENT_TARGET = 9.0;
				LD_RUNPATH_SEARCH_PATHS = (
					"$(inherited)",
					"@executable_path/Frameworks",
				);
				PRODUCT_BUNDLE_IDENTIFIER = butterfly.xueling.com.DKProject;
				PRODUCT_NAME = "$(TARGET_NAME)";
				TARGETED_DEVICE_FAMILY = 1;
			};
			name = Debug;
		};
		1BDAC0E8212EC46F0034C82E /* Release */ = {
			isa = XCBuildConfiguration;
			baseConfigurationReference = 2B562970BC752ACC6E275954 /* Pods-DKProject.release.xcconfig */;
			buildSettings = {
				ASSETCATALOG_COMPILER_APPICON_NAME = AppIcon;
				CODE_SIGN_STYLE = Automatic;
				DEVELOPMENT_TEAM = 6LA3YNDBNC;
				GCC_PREFIX_HEADER = DKProject/DKProject.pch;
				INFOPLIST_FILE = DKProject/Info.plist;
				IPHONEOS_DEPLOYMENT_TARGET = 9.0;
				LD_RUNPATH_SEARCH_PATHS = (
					"$(inherited)",
					"@executable_path/Frameworks",
				);
				PRODUCT_BUNDLE_IDENTIFIER = butterfly.xueling.com.DKProject;
				PRODUCT_NAME = "$(TARGET_NAME)";
				TARGETED_DEVICE_FAMILY = 1;
			};
			name = Release;
		};
/* End XCBuildConfiguration section */

/* Begin XCConfigurationList section */
		1BDAC0CB212EC46F0034C82E /* Build configuration list for PBXProject "DKProject" */ = {
			isa = XCConfigurationList;
			buildConfigurations = (
				1BDAC0E4212EC46F0034C82E /* Debug */,
				1BDAC0E5212EC46F0034C82E /* Release */,
			);
			defaultConfigurationIsVisible = 0;
			defaultConfigurationName = Release;
		};
		1BDAC0E6212EC46F0034C82E /* Build configuration list for PBXNativeTarget "DKProject" */ = {
			isa = XCConfigurationList;
			buildConfigurations = (
				1BDAC0E7212EC46F0034C82E /* Debug */,
				1BDAC0E8212EC46F0034C82E /* Release */,
			);
			defaultConfigurationIsVisible = 0;
			defaultConfigurationName = Release;
		};
/* End XCConfigurationList section */
	};
	rootObject = 1BDAC0C8212EC46F0034C82E /* Project object */;
}
